
Microsoft Visual Studio Solution File, Format Version 12.00
# Visual Studio Version 17
VisualStudioVersion = 17.8.34525.116
MinimumVisualStudioVersion = 10.0.40219.1
Project("{FAE04EC0-301F-11D3-BF4B-00C04F79EFBC}") = "do something", "do something.csproj", "{358B542E-0074-4E5B-9EAC-A1886875EC22}"
EndProject
Global
	GlobalSection(SolutionConfigurationPlatforms) = preSolution
		Debug|Any CPU = Debug|Any CPU
		Release|Any CPU = Release|Any CPU
	EndGlobalSection
	GlobalSection(ProjectConfigurationPlatforms) = postSolution
		{358B542E-0074-4E5B-9EAC-A1886875EC22}.Debug|Any CPU.ActiveCfg = Debug|Any CPU
		{358B542E-0074-4E5B-9EAC-A1886875EC22}.Debug|Any CPU.Build.0 = Debug|Any CPU
		{358B542E-0074-4E5B-9EAC-A1886875EC22}.Release|Any CPU.ActiveCfg = Release|Any CPU
		{358B542E-0074-4E5B-9EAC-A1886875EC22}.Release|Any CPU.Build.0 = Release|Any CPU
	EndGlobalSection
	GlobalSection(SolutionProperties) = preSolution
		HideSolutionNode = FALSE
	EndGlobalSection
	GlobalSection(ExtensibilityGlobals) = postSolution
		SolutionGuid = {0F8BE3A1-7906-4E46-83FD-B75CDD5A1DC2}
	EndGlobalSection
EndGlobal
